
Microsoft Visual Studio Solution File, Format Version 12.00
# Visual Studio 2013
VisualStudioVersion = 12.0.31101.0
MinimumVisualStudioVersion = 10.0.40219.1
Project("{FAE04EC0-301F-11D3-BF4B-00C04F79EFBC}") = "Aci.X.Database", "Aci.X.Database\Aci.X.Database.csproj", "{5D064F66-1CDB-4FCA-9C0C-A7F5B18D7B6D}"
EndProject
Project("{FAE04EC0-301F-11D3-BF4B-00C04F79EFBC}") = "Aci.X.IwsLib", "Aci.X.IwsLib\Aci.X.IwsLib.csproj", "{B7C2870C-7DBD-440D-9446-20348D23AC3B}"
EndProject
Project("{FAE04EC0-301F-11D3-BF4B-00C04F79EFBC}") = "Aci.X.PreviewConsumer", "Aci.X.PreviewConsumer\Aci.X.PreviewConsumer.csproj", "{AC6352DE-12DC-41FE-B549-F12C9B286AC1}"
EndProject
Project("{FAE04EC0-301F-11D3-BF4B-00C04F79EFBC}") = "Aci.X.PreviewConsumerUtil", "Aci.X.PreviewConsumerUtil\Aci.X.PreviewConsumerUtil.csproj", "{35653E60-00D6-43C4-9F49-A0F87FCC04E3}"
EndProject
Project("{FAE04EC0-301F-11D3-BF4B-00C04F79EFBC}") = "Aci.X.WebAPI", "Aci.X.WebAPI\Aci.X.WebAPI.csproj", "{BCDBEDF2-8246-4414-802E-8DD1224B9317}"
EndProject
Project("{FAE04EC0-301F-11D3-BF4B-00C04F79EFBC}") = "Aci.X.ServerLib", "Aci.X.ServerLib\Aci.X.ServerLib.csproj", "{0A32834C-023A-4E19-BDEE-E80972F6165F}"
EndProject
Project("{FAE04EC0-301F-11D3-BF4B-00C04F79EFBC}") = "Aci.X.ClientLib", "..\..\Client\Trunk\Aci.X.ClientLib\Aci.X.ClientLib.csproj", "{9AF7B454-8763-40C6-8DA9-6F76B9151877}"
EndProject
Project("{FAE04EC0-301F-11D3-BF4B-00C04F79EFBC}") = "Solishine.CommonLib", "..\..\Client\trunk\Solishine.CommonLib\Solishine.CommonLib.csproj", "{5C6B5F62-DB89-443E-AEDE-14B1E43DD566}"
EndProject
Project("{2150E333-8FDC-42A3-9474-1A3956D46DE8}") = ".nuget", ".nuget", "{DA0B7B1B-B392-491D-A8BC-37DB50ABCE2D}"
	ProjectSection(SolutionItems) = preProject
		.nuget\NuGet.Config = .nuget\NuGet.Config
		.nuget\NuGet.exe = .nuget\NuGet.exe
		.nuget\NuGet.targets = .nuget\NuGet.targets
	EndProjectSection
EndProject
Project("{FAE04EC0-301F-11D3-BF4B-00C04F79EFBC}") = "Aci.X.DalGen", "Aci.X.DalGen\Aci.X.DalGen.csproj", "{A5C68931-F9E7-4054-AD55-FC7A6B1E1907}"
EndProject
Project("{FAE04EC0-301F-11D3-BF4B-00C04F79EFBC}") = "Aci.X.Business", "Aci.X.Business\Aci.X.Business.csproj", "{F2E2575F-283E-4A06-B5AD-74E99548A8A2}"
EndProject
Project("{FAE04EC0-301F-11D3-BF4B-00C04F79EFBC}") = "Aci.X.DatabaseEntity", "Aci.X.DatabaseEntity\Aci.X.DatabaseEntity.csproj", "{AD1C19B3-846C-46F6-B0F4-2BB51403715D}"
EndProject
Project("{FAE04EC0-301F-11D3-BF4B-00C04F79EFBC}") = "Solishine.Web.SqlFunctions", "..\..\..\..\..\Solishine\SVN\trunk\Solishine.Web.SqlFunctions\Solishine.Web.SqlFunctions.csproj", "{2DC02D42-FF69-4FD7-9667-F9EDF61AF490}"
EndProject
Global
	GlobalSection(SolutionConfigurationPlatforms) = preSolution
		Debug|Any CPU = Debug|Any CPU
		Debug|x64 = Debug|x64
		Release|Any CPU = Release|Any CPU
		Release|x64 = Release|x64
		Test|Any CPU = Test|Any CPU
		Test|x64 = Test|x64
		Win2Go|Any CPU = Win2Go|Any CPU
		Win2Go|x64 = Win2Go|x64
	EndGlobalSection
	GlobalSection(ProjectConfigurationPlatforms) = postSolution
		{5D064F66-1CDB-4FCA-9C0C-A7F5B18D7B6D}.Debug|Any CPU.ActiveCfg = Debug|Any CPU
		{5D064F66-1CDB-4FCA-9C0C-A7F5B18D7B6D}.Debug|Any CPU.Build.0 = Debug|Any CPU
		{5D064F66-1CDB-4FCA-9C0C-A7F5B18D7B6D}.Debug|x64.ActiveCfg = Debug|x64
		{5D064F66-1CDB-4FCA-9C0C-A7F5B18D7B6D}.Debug|x64.Build.0 = Debug|x64
		{5D064F66-1CDB-4FCA-9C0C-A7F5B18D7B6D}.Release|Any CPU.ActiveCfg = Release|Any CPU
		{5D064F66-1CDB-4FCA-9C0C-A7F5B18D7B6D}.Release|Any CPU.Build.0 = Release|Any CPU
		{5D064F66-1CDB-4FCA-9C0C-A7F5B18D7B6D}.Release|x64.ActiveCfg = Release|Any CPU
		{5D064F66-1CDB-4FCA-9C0C-A7F5B18D7B6D}.Test|Any CPU.ActiveCfg = Release|Any CPU
		{5D064F66-1CDB-4FCA-9C0C-A7F5B18D7B6D}.Test|Any CPU.Build.0 = Release|Any CPU
		{5D064F66-1CDB-4FCA-9C0C-A7F5B18D7B6D}.Test|x64.ActiveCfg = Release|Any CPU
		{5D064F66-1CDB-4FCA-9C0C-A7F5B18D7B6D}.Win2Go|Any CPU.ActiveCfg = Win2Go|Any CPU
		{5D064F66-1CDB-4FCA-9C0C-A7F5B18D7B6D}.Win2Go|Any CPU.Build.0 = Win2Go|Any CPU
		{5D064F66-1CDB-4FCA-9C0C-A7F5B18D7B6D}.Win2Go|x64.ActiveCfg = Win2Go|x64
		{5D064F66-1CDB-4FCA-9C0C-A7F5B18D7B6D}.Win2Go|x64.Build.0 = Win2Go|x64
		{B7C2870C-7DBD-440D-9446-20348D23AC3B}.Debug|Any CPU.ActiveCfg = Debug|Any CPU
		{B7C2870C-7DBD-440D-9446-20348D23AC3B}.Debug|Any CPU.Build.0 = Debug|Any CPU
		{B7C2870C-7DBD-440D-9446-20348D23AC3B}.Debug|x64.ActiveCfg = Debug|x64
		{B7C2870C-7DBD-440D-9446-20348D23AC3B}.Debug|x64.Build.0 = Debug|x64
		{B7C2870C-7DBD-440D-9446-20348D23AC3B}.Release|Any CPU.ActiveCfg = Release|Any CPU
		{B7C2870C-7DBD-440D-9446-20348D23AC3B}.Release|Any CPU.Build.0 = Release|Any CPU
		{B7C2870C-7DBD-440D-9446-20348D23AC3B}.Release|x64.ActiveCfg = Release|Any CPU
		{B7C2870C-7DBD-440D-9446-20348D23AC3B}.Test|Any CPU.ActiveCfg = Release|Any CPU
		{B7C2870C-7DBD-440D-9446-20348D23AC3B}.Test|Any CPU.Build.0 = Release|Any CPU
		{B7C2870C-7DBD-440D-9446-20348D23AC3B}.Test|x64.ActiveCfg = Release|Any CPU
		{B7C2870C-7DBD-440D-9446-20348D23AC3B}.Win2Go|Any CPU.ActiveCfg = Win2Go|Any CPU
		{B7C2870C-7DBD-440D-9446-20348D23AC3B}.Win2Go|Any CPU.Build.0 = Win2Go|Any CPU
		{B7C2870C-7DBD-440D-9446-20348D23AC3B}.Win2Go|x64.ActiveCfg = Win2Go|x64
		{B7C2870C-7DBD-440D-9446-20348D23AC3B}.Win2Go|x64.Build.0 = Win2Go|x64
		{AC6352DE-12DC-41FE-B549-F12C9B286AC1}.Debug|Any CPU.ActiveCfg = Debug|Any CPU
		{AC6352DE-12DC-41FE-B549-F12C9B286AC1}.Debug|Any CPU.Build.0 = Debug|Any CPU
		{AC6352DE-12DC-41FE-B549-F12C9B286AC1}.Debug|x64.ActiveCfg = Debug|x64
		{AC6352DE-12DC-41FE-B549-F12C9B286AC1}.Debug|x64.Build.0 = Debug|x64
		{AC6352DE-12DC-41FE-B549-F12C9B286AC1}.Release|Any CPU.ActiveCfg = Release|Any CPU
		{AC6352DE-12DC-41FE-B549-F12C9B286AC1}.Release|Any CPU.Build.0 = Release|Any CPU
		{AC6352DE-12DC-41FE-B549-F12C9B286AC1}.Release|x64.ActiveCfg = Release|Any CPU
		{AC6352DE-12DC-41FE-B549-F12C9B286AC1}.Test|Any CPU.ActiveCfg = Release|Any CPU
		{AC6352DE-12DC-41FE-B549-F12C9B286AC1}.Test|Any CPU.Build.0 = Release|Any CPU
		{AC6352DE-12DC-41FE-B549-F12C9B286AC1}.Test|x64.ActiveCfg = Release|Any CPU
		{AC6352DE-12DC-41FE-B549-F12C9B286AC1}.Win2Go|Any CPU.ActiveCfg = Release|Any CPU
		{AC6352DE-12DC-41FE-B549-F12C9B286AC1}.Win2Go|Any CPU.Build.0 = Release|Any CPU
		{AC6352DE-12DC-41FE-B549-F12C9B286AC1}.Win2Go|x64.ActiveCfg = Release|x64
		{AC6352DE-12DC-41FE-B549-F12C9B286AC1}.Win2Go|x64.Build.0 = Release|x64
		{35653E60-00D6-43C4-9F49-A0F87FCC04E3}.Debug|Any CPU.ActiveCfg = Debug|Any CPU
		{35653E60-00D6-43C4-9F49-A0F87FCC04E3}.Debug|Any CPU.Build.0 = Debug|Any CPU
		{35653E60-00D6-43C4-9F49-A0F87FCC04E3}.Debug|x64.ActiveCfg = Debug|x64
		{35653E60-00D6-43C4-9F49-A0F87FCC04E3}.Debug|x64.Build.0 = Debug|x64
		{35653E60-00D6-43C4-9F49-A0F87FCC04E3}.Release|Any CPU.ActiveCfg = Release|Any CPU
		{35653E60-00D6-43C4-9F49-A0F87FCC04E3}.Release|Any CPU.Build.0 = Release|Any CPU
		{35653E60-00D6-43C4-9F49-A0F87FCC04E3}.Release|x64.ActiveCfg = Release|Any CPU
		{35653E60-00D6-43C4-9F49-A0F87FCC04E3}.Test|Any CPU.ActiveCfg = Release|Any CPU
		{35653E60-00D6-43C4-9F49-A0F87FCC04E3}.Test|Any CPU.Build.0 = Release|Any CPU
		{35653E60-00D6-43C4-9F49-A0F87FCC04E3}.Test|x64.ActiveCfg = Release|Any CPU
		{35653E60-00D6-43C4-9F49-A0F87FCC04E3}.Win2Go|Any CPU.ActiveCfg = Release|Any CPU
		{35653E60-00D6-43C4-9F49-A0F87FCC04E3}.Win2Go|Any CPU.Build.0 = Release|Any CPU
		{35653E60-00D6-43C4-9F49-A0F87FCC04E3}.Win2Go|x64.ActiveCfg = Release|x64
		{35653E60-00D6-43C4-9F49-A0F87FCC04E3}.Win2Go|x64.Build.0 = Release|x64
		{BCDBEDF2-8246-4414-802E-8DD1224B9317}.Debug|Any CPU.ActiveCfg = Debug|Any CPU
		{BCDBEDF2-8246-4414-802E-8DD1224B9317}.Debug|Any CPU.Build.0 = Debug|Any CPU
		{BCDBEDF2-8246-4414-802E-8DD1224B9317}.Debug|x64.ActiveCfg = Debug|x64
		{BCDBEDF2-8246-4414-802E-8DD1224B9317}.Debug|x64.Build.0 = Debug|x64
		{BCDBEDF2-8246-4414-802E-8DD1224B9317}.Release|Any CPU.ActiveCfg = Release|Any CPU
		{BCDBEDF2-8246-4414-802E-8DD1224B9317}.Release|Any CPU.Build.0 = Release|Any CPU
		{BCDBEDF2-8246-4414-802E-8DD1224B9317}.Release|x64.ActiveCfg = Release|Any CPU
		{BCDBEDF2-8246-4414-802E-8DD1224B9317}.Test|Any CPU.ActiveCfg = Release|Any CPU
		{BCDBEDF2-8246-4414-802E-8DD1224B9317}.Test|Any CPU.Build.0 = Release|Any CPU
		{BCDBEDF2-8246-4414-802E-8DD1224B9317}.Test|x64.ActiveCfg = Release|Any CPU
		{BCDBEDF2-8246-4414-802E-8DD1224B9317}.Win2Go|Any CPU.ActiveCfg = Release|Any CPU
		{BCDBEDF2-8246-4414-802E-8DD1224B9317}.Win2Go|Any CPU.Build.0 = Release|Any CPU
		{BCDBEDF2-8246-4414-802E-8DD1224B9317}.Win2Go|x64.ActiveCfg = Release|x64
		{BCDBEDF2-8246-4414-802E-8DD1224B9317}.Win2Go|x64.Build.0 = Release|x64
		{0A32834C-023A-4E19-BDEE-E80972F6165F}.Debug|Any CPU.ActiveCfg = Debug|Any CPU
		{0A32834C-023A-4E19-BDEE-E80972F6165F}.Debug|Any CPU.Build.0 = Debug|Any CPU
		{0A32834C-023A-4E19-BDEE-E80972F6165F}.Debug|x64.ActiveCfg = Debug|x64
		{0A32834C-023A-4E19-BDEE-E80972F6165F}.Debug|x64.Build.0 = Debug|x64
		{0A32834C-023A-4E19-BDEE-E80972F6165F}.Release|Any CPU.ActiveCfg = Release|Any CPU
		{0A32834C-023A-4E19-BDEE-E80972F6165F}.Release|Any CPU.Build.0 = Release|Any CPU
		{0A32834C-023A-4E19-BDEE-E80972F6165F}.Release|x64.ActiveCfg = Release|Any CPU
		{0A32834C-023A-4E19-BDEE-E80972F6165F}.Test|Any CPU.ActiveCfg = Release|Any CPU
		{0A32834C-023A-4E19-BDEE-E80972F6165F}.Test|Any CPU.Build.0 = Release|Any CPU
		{0A32834C-023A-4E19-BDEE-E80972F6165F}.Test|x64.ActiveCfg = Release|Any CPU
		{0A32834C-023A-4E19-BDEE-E80972F6165F}.Win2Go|Any CPU.ActiveCfg = Win2Go|Any CPU
		{0A32834C-023A-4E19-BDEE-E80972F6165F}.Win2Go|Any CPU.Build.0 = Win2Go|Any CPU
		{0A32834C-023A-4E19-BDEE-E80972F6165F}.Win2Go|x64.ActiveCfg = Win2Go|x64
		{0A32834C-023A-4E19-BDEE-E80972F6165F}.Win2Go|x64.Build.0 = Win2Go|x64
		{9AF7B454-8763-40C6-8DA9-6F76B9151877}.Debug|Any CPU.ActiveCfg = Debug|Any CPU
		{9AF7B454-8763-40C6-8DA9-6F76B9151877}.Debug|Any CPU.Build.0 = Debug|Any CPU
		{9AF7B454-8763-40C6-8DA9-6F76B9151877}.Debug|x64.ActiveCfg = Debug|x64
		{9AF7B454-8763-40C6-8DA9-6F76B9151877}.Debug|x64.Build.0 = Debug|x64
		{9AF7B454-8763-40C6-8DA9-6F76B9151877}.Release|Any CPU.ActiveCfg = Release|Any CPU
		{9AF7B454-8763-40C6-8DA9-6F76B9151877}.Release|Any CPU.Build.0 = Release|Any CPU
		{9AF7B454-8763-40C6-8DA9-6F76B9151877}.Release|x64.ActiveCfg = Release|x64
		{9AF7B454-8763-40C6-8DA9-6F76B9151877}.Release|x64.Build.0 = Release|x64
		{9AF7B454-8763-40C6-8DA9-6F76B9151877}.Test|Any CPU.ActiveCfg = Release|Any CPU
		{9AF7B454-8763-40C6-8DA9-6F76B9151877}.Test|Any CPU.Build.0 = Release|Any CPU
		{9AF7B454-8763-40C6-8DA9-6F76B9151877}.Test|x64.ActiveCfg = Release|x64
		{9AF7B454-8763-40C6-8DA9-6F76B9151877}.Test|x64.Build.0 = Release|x64
		{9AF7B454-8763-40C6-8DA9-6F76B9151877}.Win2Go|Any CPU.ActiveCfg = Win2Go|Any CPU
		{9AF7B454-8763-40C6-8DA9-6F76B9151877}.Win2Go|Any CPU.Build.0 = Win2Go|Any CPU
		{9AF7B454-8763-40C6-8DA9-6F76B9151877}.Win2Go|x64.ActiveCfg = Win2Go|x64
		{9AF7B454-8763-40C6-8DA9-6F76B9151877}.Win2Go|x64.Build.0 = Win2Go|x64
		{5C6B5F62-DB89-443E-AEDE-14B1E43DD566}.Debug|Any CPU.ActiveCfg = Debug|Any CPU
		{5C6B5F62-DB89-443E-AEDE-14B1E43DD566}.Debug|Any CPU.Build.0 = Debug|Any CPU
		{5C6B5F62-DB89-443E-AEDE-14B1E43DD566}.Debug|x64.ActiveCfg = Debug|x64
		{5C6B5F62-DB89-443E-AEDE-14B1E43DD566}.Debug|x64.Build.0 = Debug|x64
		{5C6B5F62-DB89-443E-AEDE-14B1E43DD566}.Release|Any CPU.ActiveCfg = Release|Any CPU
		{5C6B5F62-DB89-443E-AEDE-14B1E43DD566}.Release|Any CPU.Build.0 = Release|Any CPU
		{5C6B5F62-DB89-443E-AEDE-14B1E43DD566}.Release|x64.ActiveCfg = Release|Any CPU
		{5C6B5F62-DB89-443E-AEDE-14B1E43DD566}.Test|Any CPU.ActiveCfg = Test|Any CPU
		{5C6B5F62-DB89-443E-AEDE-14B1E43DD566}.Test|Any CPU.Build.0 = Test|Any CPU
		{5C6B5F62-DB89-443E-AEDE-14B1E43DD566}.Test|x64.ActiveCfg = Test|Any CPU
		{5C6B5F62-DB89-443E-AEDE-14B1E43DD566}.Win2Go|Any CPU.ActiveCfg = Win2Go|Any CPU
		{5C6B5F62-DB89-443E-AEDE-14B1E43DD566}.Win2Go|Any CPU.Build.0 = Win2Go|Any CPU
		{5C6B5F62-DB89-443E-AEDE-14B1E43DD566}.Win2Go|x64.ActiveCfg = Win2Go|x64
		{5C6B5F62-DB89-443E-AEDE-14B1E43DD566}.Win2Go|x64.Build.0 = Win2Go|x64
		{A5C68931-F9E7-4054-AD55-FC7A6B1E1907}.Debug|Any CPU.ActiveCfg = Debug|Any CPU
		{A5C68931-F9E7-4054-AD55-FC7A6B1E1907}.Debug|Any CPU.Build.0 = Debug|Any CPU
		{A5C68931-F9E7-4054-AD55-FC7A6B1E1907}.Debug|x64.ActiveCfg = Debug|Any CPU
		{A5C68931-F9E7-4054-AD55-FC7A6B1E1907}.Release|Any CPU.ActiveCfg = Release|Any CPU
		{A5C68931-F9E7-4054-AD55-FC7A6B1E1907}.Release|Any CPU.Build.0 = Release|Any CPU
		{A5C68931-F9E7-4054-AD55-FC7A6B1E1907}.Release|x64.ActiveCfg = Release|Any CPU
		{A5C68931-F9E7-4054-AD55-FC7A6B1E1907}.Test|Any CPU.ActiveCfg = Release|Any CPU
		{A5C68931-F9E7-4054-AD55-FC7A6B1E1907}.Test|Any CPU.Build.0 = Release|Any CPU
		{A5C68931-F9E7-4054-AD55-FC7A6B1E1907}.Test|x64.ActiveCfg = Release|Any CPU
		{A5C68931-F9E7-4054-AD55-FC7A6B1E1907}.Win2Go|Any CPU.ActiveCfg = Win2Go|Any CPU
		{A5C68931-F9E7-4054-AD55-FC7A6B1E1907}.Win2Go|Any CPU.Build.0 = Win2Go|Any CPU
		{A5C68931-F9E7-4054-AD55-FC7A6B1E1907}.Win2Go|x64.ActiveCfg = Win2Go|Any CPU
		{F2E2575F-283E-4A06-B5AD-74E99548A8A2}.Debug|Any CPU.ActiveCfg = Debug|Any CPU
		{F2E2575F-283E-4A06-B5AD-74E99548A8A2}.Debug|Any CPU.Build.0 = Debug|Any CPU
		{F2E2575F-283E-4A06-B5AD-74E99548A8A2}.Debug|x64.ActiveCfg = Debug|Any CPU
		{F2E2575F-283E-4A06-B5AD-74E99548A8A2}.Release|Any CPU.ActiveCfg = Release|Any CPU
		{F2E2575F-283E-4A06-B5AD-74E99548A8A2}.Release|Any CPU.Build.0 = Release|Any CPU
		{F2E2575F-283E-4A06-B5AD-74E99548A8A2}.Release|x64.ActiveCfg = Release|Any CPU
		{F2E2575F-283E-4A06-B5AD-74E99548A8A2}.Test|Any CPU.ActiveCfg = Release|Any CPU
		{F2E2575F-283E-4A06-B5AD-74E99548A8A2}.Test|Any CPU.Build.0 = Release|Any CPU
		{F2E2575F-283E-4A06-B5AD-74E99548A8A2}.Test|x64.ActiveCfg = Release|Any CPU
		{F2E2575F-283E-4A06-B5AD-74E99548A8A2}.Win2Go|Any CPU.ActiveCfg = Win2Go|Any CPU
		{F2E2575F-283E-4A06-B5AD-74E99548A8A2}.Win2Go|Any CPU.Build.0 = Win2Go|Any CPU
		{F2E2575F-283E-4A06-B5AD-74E99548A8A2}.Win2Go|x64.ActiveCfg = Win2Go|Any CPU
		{AD1C19B3-846C-46F6-B0F4-2BB51403715D}.Debug|Any CPU.ActiveCfg = Debug|Any CPU
		{AD1C19B3-846C-46F6-B0F4-2BB51403715D}.Debug|Any CPU.Build.0 = Debug|Any CPU
		{AD1C19B3-846C-46F6-B0F4-2BB51403715D}.Debug|x64.ActiveCfg = Debug|Any CPU
		{AD1C19B3-846C-46F6-B0F4-2BB51403715D}.Release|Any CPU.ActiveCfg = Release|Any CPU
		{AD1C19B3-846C-46F6-B0F4-2BB51403715D}.Release|Any CPU.Build.0 = Release|Any CPU
		{AD1C19B3-846C-46F6-B0F4-2BB51403715D}.Release|x64.ActiveCfg = Release|Any CPU
		{AD1C19B3-846C-46F6-B0F4-2BB51403715D}.Test|Any CPU.ActiveCfg = Release|Any CPU
		{AD1C19B3-846C-46F6-B0F4-2BB51403715D}.Test|Any CPU.Build.0 = Release|Any CPU
		{AD1C19B3-846C-46F6-B0F4-2BB51403715D}.Test|x64.ActiveCfg = Release|Any CPU
		{AD1C19B3-846C-46F6-B0F4-2BB51403715D}.Win2Go|Any CPU.ActiveCfg = Win2Go|Any CPU
		{AD1C19B3-846C-46F6-B0F4-2BB51403715D}.Win2Go|Any CPU.Build.0 = Win2Go|Any CPU
		{AD1C19B3-846C-46F6-B0F4-2BB51403715D}.Win2Go|x64.ActiveCfg = Win2Go|Any CPU
		{2DC02D42-FF69-4FD7-9667-F9EDF61AF490}.Debug|Any CPU.ActiveCfg = Debug|Any CPU
		{2DC02D42-FF69-4FD7-9667-F9EDF61AF490}.Debug|Any CPU.Build.0 = Debug|Any CPU
		{2DC02D42-FF69-4FD7-9667-F9EDF61AF490}.Debug|x64.ActiveCfg = Debug|Any CPU
		{2DC02D42-FF69-4FD7-9667-F9EDF61AF490}.Release|Any CPU.ActiveCfg = Release|Any CPU
		{2DC02D42-FF69-4FD7-9667-F9EDF61AF490}.Release|Any CPU.Build.0 = Release|Any CPU
		{2DC02D42-FF69-4FD7-9667-F9EDF61AF490}.Release|x64.ActiveCfg = Release|Any CPU
		{2DC02D42-FF69-4FD7-9667-F9EDF61AF490}.Test|Any CPU.ActiveCfg = Test|Any CPU
		{2DC02D42-FF69-4FD7-9667-F9EDF61AF490}.Test|Any CPU.Build.0 = Test|Any CPU
		{2DC02D42-FF69-4FD7-9667-F9EDF61AF490}.Test|x64.ActiveCfg = Test|Any CPU
		{2DC02D42-FF69-4FD7-9667-F9EDF61AF490}.Win2Go|Any CPU.ActiveCfg = Test|Any CPU
		{2DC02D42-FF69-4FD7-9667-F9EDF61AF490}.Win2Go|Any CPU.Build.0 = Test|Any CPU
		{2DC02D42-FF69-4FD7-9667-F9EDF61AF490}.Win2Go|x64.ActiveCfg = Test|Any CPU
	EndGlobalSection
	GlobalSection(SolutionProperties) = preSolution
		HideSolutionNode = FALSE
	EndGlobalSection
EndGlobal
