
Microsoft Visual Studio Solution File, Format Version 12.00
# Visual Studio 2013
VisualStudioVersion = 12.0.31101.0
MinimumVisualStudioVersion = 10.0.40219.1
Project("{FAE04EC0-301F-11D3-BF4B-00C04F79EFBC}") = "Aci.X.Database", "Aci.X.Database\Aci.X.Database.csproj", "{5D064F66-1CDB-4FCA-9C0C-A7F5B18D7B6D}"
EndProject
Project("{FAE04EC0-301F-11D3-BF4B-00C04F79EFBC}") = "Aci.X.IwsLib", "Aci.X.IwsLib\Aci.X.IwsLib.csproj", "{B7C2870C-7DBD-440D-9446-20348D23AC3B}"
EndProject
Project("{FAE04EC0-301F-11D3-BF4B-00C04F79EFBC}") = "Aci.X.IwsLib.Tests", "Aci.X.IwsLib.Tests\Aci.X.IwsLib.Tests.csproj", "{832E2034-FECC-4BA1-980B-7CBF9981390F}"
EndProject
Project("{FAE04EC0-301F-11D3-BF4B-00C04F79EFBC}") = "Aci.X.ServerLib", "Aci.X.ServerLib\Aci.X.ServerLib.csproj", "{0A32834C-023A-4E19-BDEE-E80972F6165F}"
EndProject
Project("{FAE04EC0-301F-11D3-BF4B-00C04F79EFBC}") = "Aci.X.DirectoryWalker", "Aci.X.DirectoryWalker\Aci.X.DirectoryWalker.csproj", "{FB7AD135-453E-4187-B39B-0968DB61025C}"
EndProject
Project("{FAE04EC0-301F-11D3-BF4B-00C04F79EFBC}") = "Aci.X.ClientLib", "..\..\Client\Trunk\Aci.X.ClientLib\Aci.X.ClientLib.csproj", "{9AF7B454-8763-40C6-8DA9-6F76B9151877}"
EndProject
Project("{FAE04EC0-301F-11D3-BF4B-00C04F79EFBC}") = "Solishine.CommonLib", "..\..\Client\trunk\Solishine.CommonLib\Solishine.CommonLib.csproj", "{5C6B5F62-DB89-443E-AEDE-14B1E43DD566}"
EndProject
Project("{FAE04EC0-301F-11D3-BF4B-00C04F79EFBC}") = "Aci.X.DatabaseEntity", "Aci.X.DatabaseEntity\Aci.X.DatabaseEntity.csproj", "{AD1C19B3-846C-46F6-B0F4-2BB51403715D}"
EndProject
Project("{FAE04EC0-301F-11D3-BF4B-00C04F79EFBC}") = "Aci.X.WebAPI.Tests", "..\..\Client\trunk\Aci.X.WebAPI.Tests\Aci.X.WebAPI.Tests.csproj", "{A51AFEE5-F011-42B8-8FF7-B941B8A70CEB}"
EndProject
Global
	GlobalSection(SolutionConfigurationPlatforms) = preSolution
		Debug|Any CPU = Debug|Any CPU
		Release|Any CPU = Release|Any CPU
		Stage|Any CPU = Stage|Any CPU
		Test|Any CPU = Test|Any CPU
		Win2Go|Any CPU = Win2Go|Any CPU
	EndGlobalSection
	GlobalSection(ProjectConfigurationPlatforms) = postSolution
		{5D064F66-1CDB-4FCA-9C0C-A7F5B18D7B6D}.Debug|Any CPU.ActiveCfg = Debug|Any CPU
		{5D064F66-1CDB-4FCA-9C0C-A7F5B18D7B6D}.Debug|Any CPU.Build.0 = Debug|Any CPU
		{5D064F66-1CDB-4FCA-9C0C-A7F5B18D7B6D}.Release|Any CPU.ActiveCfg = Release|Any CPU
		{5D064F66-1CDB-4FCA-9C0C-A7F5B18D7B6D}.Release|Any CPU.Build.0 = Release|Any CPU
		{5D064F66-1CDB-4FCA-9C0C-A7F5B18D7B6D}.Stage|Any CPU.ActiveCfg = Stage|Any CPU
		{5D064F66-1CDB-4FCA-9C0C-A7F5B18D7B6D}.Stage|Any CPU.Build.0 = Stage|Any CPU
		{5D064F66-1CDB-4FCA-9C0C-A7F5B18D7B6D}.Test|Any CPU.ActiveCfg = Release|Any CPU
		{5D064F66-1CDB-4FCA-9C0C-A7F5B18D7B6D}.Test|Any CPU.Build.0 = Release|Any CPU
		{5D064F66-1CDB-4FCA-9C0C-A7F5B18D7B6D}.Win2Go|Any CPU.ActiveCfg = Win2Go|Any CPU
		{5D064F66-1CDB-4FCA-9C0C-A7F5B18D7B6D}.Win2Go|Any CPU.Build.0 = Win2Go|Any CPU
		{B7C2870C-7DBD-440D-9446-20348D23AC3B}.Debug|Any CPU.ActiveCfg = Debug|Any CPU
		{B7C2870C-7DBD-440D-9446-20348D23AC3B}.Debug|Any CPU.Build.0 = Debug|Any CPU
		{B7C2870C-7DBD-440D-9446-20348D23AC3B}.Release|Any CPU.ActiveCfg = Release|Any CPU
		{B7C2870C-7DBD-440D-9446-20348D23AC3B}.Release|Any CPU.Build.0 = Release|Any CPU
		{B7C2870C-7DBD-440D-9446-20348D23AC3B}.Stage|Any CPU.ActiveCfg = Stage|Any CPU
		{B7C2870C-7DBD-440D-9446-20348D23AC3B}.Stage|Any CPU.Build.0 = Stage|Any CPU
		{B7C2870C-7DBD-440D-9446-20348D23AC3B}.Test|Any CPU.ActiveCfg = Release|Any CPU
		{B7C2870C-7DBD-440D-9446-20348D23AC3B}.Test|Any CPU.Build.0 = Release|Any CPU
		{B7C2870C-7DBD-440D-9446-20348D23AC3B}.Win2Go|Any CPU.ActiveCfg = Win2Go|Any CPU
		{B7C2870C-7DBD-440D-9446-20348D23AC3B}.Win2Go|Any CPU.Build.0 = Win2Go|Any CPU
		{832E2034-FECC-4BA1-980B-7CBF9981390F}.Debug|Any CPU.ActiveCfg = Debug|Any CPU
		{832E2034-FECC-4BA1-980B-7CBF9981390F}.Debug|Any CPU.Build.0 = Debug|Any CPU
		{832E2034-FECC-4BA1-980B-7CBF9981390F}.Release|Any CPU.ActiveCfg = Release|Any CPU
		{832E2034-FECC-4BA1-980B-7CBF9981390F}.Release|Any CPU.Build.0 = Release|Any CPU
		{832E2034-FECC-4BA1-980B-7CBF9981390F}.Stage|Any CPU.ActiveCfg = Stage|Any CPU
		{832E2034-FECC-4BA1-980B-7CBF9981390F}.Stage|Any CPU.Build.0 = Stage|Any CPU
		{832E2034-FECC-4BA1-980B-7CBF9981390F}.Test|Any CPU.ActiveCfg = Release|Any CPU
		{832E2034-FECC-4BA1-980B-7CBF9981390F}.Test|Any CPU.Build.0 = Release|Any CPU
		{832E2034-FECC-4BA1-980B-7CBF9981390F}.Win2Go|Any CPU.ActiveCfg = Release|Any CPU
		{832E2034-FECC-4BA1-980B-7CBF9981390F}.Win2Go|Any CPU.Build.0 = Release|Any CPU
		{0A32834C-023A-4E19-BDEE-E80972F6165F}.Debug|Any CPU.ActiveCfg = Debug|Any CPU
		{0A32834C-023A-4E19-BDEE-E80972F6165F}.Debug|Any CPU.Build.0 = Debug|Any CPU
		{0A32834C-023A-4E19-BDEE-E80972F6165F}.Release|Any CPU.ActiveCfg = Release|Any CPU
		{0A32834C-023A-4E19-BDEE-E80972F6165F}.Release|Any CPU.Build.0 = Release|Any CPU
		{0A32834C-023A-4E19-BDEE-E80972F6165F}.Stage|Any CPU.ActiveCfg = Stage|Any CPU
		{0A32834C-023A-4E19-BDEE-E80972F6165F}.Stage|Any CPU.Build.0 = Stage|Any CPU
		{0A32834C-023A-4E19-BDEE-E80972F6165F}.Test|Any CPU.ActiveCfg = Release|Any CPU
		{0A32834C-023A-4E19-BDEE-E80972F6165F}.Test|Any CPU.Build.0 = Release|Any CPU
		{0A32834C-023A-4E19-BDEE-E80972F6165F}.Win2Go|Any CPU.ActiveCfg = Win2Go|Any CPU
		{0A32834C-023A-4E19-BDEE-E80972F6165F}.Win2Go|Any CPU.Build.0 = Win2Go|Any CPU
		{FB7AD135-453E-4187-B39B-0968DB61025C}.Debug|Any CPU.ActiveCfg = Debug|Any CPU
		{FB7AD135-453E-4187-B39B-0968DB61025C}.Debug|Any CPU.Build.0 = Debug|Any CPU
		{FB7AD135-453E-4187-B39B-0968DB61025C}.Release|Any CPU.ActiveCfg = Release|Any CPU
		{FB7AD135-453E-4187-B39B-0968DB61025C}.Release|Any CPU.Build.0 = Release|Any CPU
		{FB7AD135-453E-4187-B39B-0968DB61025C}.Stage|Any CPU.ActiveCfg = Stage|Any CPU
		{FB7AD135-453E-4187-B39B-0968DB61025C}.Stage|Any CPU.Build.0 = Stage|Any CPU
		{FB7AD135-453E-4187-B39B-0968DB61025C}.Test|Any CPU.ActiveCfg = Release|Any CPU
		{FB7AD135-453E-4187-B39B-0968DB61025C}.Test|Any CPU.Build.0 = Release|Any CPU
		{FB7AD135-453E-4187-B39B-0968DB61025C}.Win2Go|Any CPU.ActiveCfg = Win2Go|Any CPU
		{FB7AD135-453E-4187-B39B-0968DB61025C}.Win2Go|Any CPU.Build.0 = Win2Go|Any CPU
		{9AF7B454-8763-40C6-8DA9-6F76B9151877}.Debug|Any CPU.ActiveCfg = Debug|Any CPU
		{9AF7B454-8763-40C6-8DA9-6F76B9151877}.Debug|Any CPU.Build.0 = Debug|Any CPU
		{9AF7B454-8763-40C6-8DA9-6F76B9151877}.Release|Any CPU.ActiveCfg = Release|Any CPU
		{9AF7B454-8763-40C6-8DA9-6F76B9151877}.Release|Any CPU.Build.0 = Release|Any CPU
		{9AF7B454-8763-40C6-8DA9-6F76B9151877}.Stage|Any CPU.ActiveCfg = Stage|Any CPU
		{9AF7B454-8763-40C6-8DA9-6F76B9151877}.Stage|Any CPU.Build.0 = Stage|Any CPU
		{9AF7B454-8763-40C6-8DA9-6F76B9151877}.Test|Any CPU.ActiveCfg = Release|Any CPU
		{9AF7B454-8763-40C6-8DA9-6F76B9151877}.Test|Any CPU.Build.0 = Release|Any CPU
		{9AF7B454-8763-40C6-8DA9-6F76B9151877}.Win2Go|Any CPU.ActiveCfg = Win2Go|Any CPU
		{9AF7B454-8763-40C6-8DA9-6F76B9151877}.Win2Go|Any CPU.Build.0 = Win2Go|Any CPU
		{5C6B5F62-DB89-443E-AEDE-14B1E43DD566}.Debug|Any CPU.ActiveCfg = Debug|Any CPU
		{5C6B5F62-DB89-443E-AEDE-14B1E43DD566}.Debug|Any CPU.Build.0 = Debug|Any CPU
		{5C6B5F62-DB89-443E-AEDE-14B1E43DD566}.Release|Any CPU.ActiveCfg = Release|Any CPU
		{5C6B5F62-DB89-443E-AEDE-14B1E43DD566}.Release|Any CPU.Build.0 = Release|Any CPU
		{5C6B5F62-DB89-443E-AEDE-14B1E43DD566}.Stage|Any CPU.ActiveCfg = Stage|Any CPU
		{5C6B5F62-DB89-443E-AEDE-14B1E43DD566}.Stage|Any CPU.Build.0 = Stage|Any CPU
		{5C6B5F62-DB89-443E-AEDE-14B1E43DD566}.Test|Any CPU.ActiveCfg = Test|Any CPU
		{5C6B5F62-DB89-443E-AEDE-14B1E43DD566}.Test|Any CPU.Build.0 = Test|Any CPU
		{5C6B5F62-DB89-443E-AEDE-14B1E43DD566}.Win2Go|Any CPU.ActiveCfg = Win2Go|Any CPU
		{5C6B5F62-DB89-443E-AEDE-14B1E43DD566}.Win2Go|Any CPU.Build.0 = Win2Go|Any CPU
		{AD1C19B3-846C-46F6-B0F4-2BB51403715D}.Debug|Any CPU.ActiveCfg = Debug|Any CPU
		{AD1C19B3-846C-46F6-B0F4-2BB51403715D}.Debug|Any CPU.Build.0 = Debug|Any CPU
		{AD1C19B3-846C-46F6-B0F4-2BB51403715D}.Release|Any CPU.ActiveCfg = Release|Any CPU
		{AD1C19B3-846C-46F6-B0F4-2BB51403715D}.Release|Any CPU.Build.0 = Release|Any CPU
		{AD1C19B3-846C-46F6-B0F4-2BB51403715D}.Stage|Any CPU.ActiveCfg = Stage|Any CPU
		{AD1C19B3-846C-46F6-B0F4-2BB51403715D}.Stage|Any CPU.Build.0 = Stage|Any CPU
		{AD1C19B3-846C-46F6-B0F4-2BB51403715D}.Test|Any CPU.ActiveCfg = Release|Any CPU
		{AD1C19B3-846C-46F6-B0F4-2BB51403715D}.Test|Any CPU.Build.0 = Release|Any CPU
		{AD1C19B3-846C-46F6-B0F4-2BB51403715D}.Win2Go|Any CPU.ActiveCfg = Win2Go|Any CPU
		{AD1C19B3-846C-46F6-B0F4-2BB51403715D}.Win2Go|Any CPU.Build.0 = Win2Go|Any CPU
		{A51AFEE5-F011-42B8-8FF7-B941B8A70CEB}.Debug|Any CPU.ActiveCfg = Debug|Any CPU
		{A51AFEE5-F011-42B8-8FF7-B941B8A70CEB}.Debug|Any CPU.Build.0 = Debug|Any CPU
		{A51AFEE5-F011-42B8-8FF7-B941B8A70CEB}.Release|Any CPU.ActiveCfg = Release|Any CPU
		{A51AFEE5-F011-42B8-8FF7-B941B8A70CEB}.Release|Any CPU.Build.0 = Release|Any CPU
		{A51AFEE5-F011-42B8-8FF7-B941B8A70CEB}.Stage|Any CPU.ActiveCfg = Stage|Any CPU
		{A51AFEE5-F011-42B8-8FF7-B941B8A70CEB}.Stage|Any CPU.Build.0 = Stage|Any CPU
		{A51AFEE5-F011-42B8-8FF7-B941B8A70CEB}.Test|Any CPU.ActiveCfg = Release|Any CPU
		{A51AFEE5-F011-42B8-8FF7-B941B8A70CEB}.Test|Any CPU.Build.0 = Release|Any CPU
		{A51AFEE5-F011-42B8-8FF7-B941B8A70CEB}.Win2Go|Any CPU.ActiveCfg = Win2Go|Any CPU
		{A51AFEE5-F011-42B8-8FF7-B941B8A70CEB}.Win2Go|Any CPU.Build.0 = Win2Go|Any CPU
	EndGlobalSection
	GlobalSection(SolutionProperties) = preSolution
		HideSolutionNode = FALSE
	EndGlobalSection
EndGlobal
