
Microsoft Visual Studio Solution File, Format Version 12.00
# Visual Studio 2013
VisualStudioVersion = 12.0.30723.0
MinimumVisualStudioVersion = 10.0.40219.1
Project("{FAE04EC0-301F-11D3-BF4B-00C04F79EFBC}") = "Solishine.CommonLib", "..\..\..\..\..\..\Solishine\SVN\trunk\Solishine.CommonLib\Solishine.CommonLib.csproj", "{5C6B5F62-DB89-443E-AEDE-14B1E43DD566}"
EndProject
Project("{FAE04EC0-301F-11D3-BF4B-00C04F79EFBC}") = "Aci.X.IwsLib", "..\Aci.X.IwsLib\Aci.X.IwsLib.csproj", "{B7C2870C-7DBD-440D-9446-20348D23AC3B}"
EndProject
Project("{FAE04EC0-301F-11D3-BF4B-00C04F79EFBC}") = "Aci.X.PreviewConsumerUtil", "Aci.X.PreviewConsumerUtil.csproj", "{35653E60-00D6-43C4-9F49-A0F87FCC04E3}"
EndProject
Project("{2150E333-8FDC-42A3-9474-1A3956D46DE8}") = ".nuget", ".nuget", "{83E5ABCC-C122-4085-917A-182FFB3D4DE1}"
	ProjectSection(SolutionItems) = preProject
		.nuget\NuGet.Config = .nuget\NuGet.Config
		.nuget\NuGet.exe = .nuget\NuGet.exe
		.nuget\NuGet.targets = .nuget\NuGet.targets
	EndProjectSection
EndProject
Project("{FAE04EC0-301F-11D3-BF4B-00C04F79EFBC}") = "Aci.X.ServerLib", "..\Aci.X.ServerLib\Aci.X.ServerLib.csproj", "{0A32834C-023A-4E19-BDEE-E80972F6165F}"
EndProject
Project("{FAE04EC0-301F-11D3-BF4B-00C04F79EFBC}") = "Aci.X.DatabaseEntity", "..\Aci.X.DatabaseEntity\Aci.X.DatabaseEntity.csproj", "{AD1C19B3-846C-46F6-B0F4-2BB51403715D}"
EndProject
Project("{FAE04EC0-301F-11D3-BF4B-00C04F79EFBC}") = "Aci.X.Database", "..\Aci.X.Database\Aci.X.Database.csproj", "{5D064F66-1CDB-4FCA-9C0C-A7F5B18D7B6D}"
EndProject
Project("{FAE04EC0-301F-11D3-BF4B-00C04F79EFBC}") = "Aci.X.ClientLib", "..\..\..\Client\trunk\Aci.X.ClientLib\Aci.X.ClientLib.csproj", "{9AF7B454-8763-40C6-8DA9-6F76B9151877}"
EndProject
Global
	GlobalSection(SolutionConfigurationPlatforms) = preSolution
		Debug|Any CPU = Debug|Any CPU
		Debug|x64 = Debug|x64
		Release|Any CPU = Release|Any CPU
		Release|x64 = Release|x64
		Stage|Any CPU = Stage|Any CPU
		Stage|x64 = Stage|x64
		Test|Any CPU = Test|Any CPU
		Test|x64 = Test|x64
		ToddDebug|Any CPU = ToddDebug|Any CPU
		ToddDebug|x64 = ToddDebug|x64
		Win2Go|Any CPU = Win2Go|Any CPU
		Win2Go|x64 = Win2Go|x64
	EndGlobalSection
	GlobalSection(ProjectConfigurationPlatforms) = postSolution
		{5C6B5F62-DB89-443E-AEDE-14B1E43DD566}.Debug|Any CPU.ActiveCfg = Debug|Any CPU
		{5C6B5F62-DB89-443E-AEDE-14B1E43DD566}.Debug|Any CPU.Build.0 = Debug|Any CPU
		{5C6B5F62-DB89-443E-AEDE-14B1E43DD566}.Debug|x64.ActiveCfg = Debug|Any CPU
		{5C6B5F62-DB89-443E-AEDE-14B1E43DD566}.Release|Any CPU.ActiveCfg = Release|Any CPU
		{5C6B5F62-DB89-443E-AEDE-14B1E43DD566}.Release|Any CPU.Build.0 = Release|Any CPU
		{5C6B5F62-DB89-443E-AEDE-14B1E43DD566}.Release|x64.ActiveCfg = Release|Any CPU
		{5C6B5F62-DB89-443E-AEDE-14B1E43DD566}.Stage|Any CPU.ActiveCfg = Test|Any CPU
		{5C6B5F62-DB89-443E-AEDE-14B1E43DD566}.Stage|Any CPU.Build.0 = Test|Any CPU
		{5C6B5F62-DB89-443E-AEDE-14B1E43DD566}.Stage|x64.ActiveCfg = Test|Any CPU
		{5C6B5F62-DB89-443E-AEDE-14B1E43DD566}.Test|Any CPU.ActiveCfg = Test|Any CPU
		{5C6B5F62-DB89-443E-AEDE-14B1E43DD566}.Test|Any CPU.Build.0 = Test|Any CPU
		{5C6B5F62-DB89-443E-AEDE-14B1E43DD566}.Test|x64.ActiveCfg = Test|Any CPU
		{5C6B5F62-DB89-443E-AEDE-14B1E43DD566}.ToddDebug|Any CPU.ActiveCfg = Debug|Any CPU
		{5C6B5F62-DB89-443E-AEDE-14B1E43DD566}.ToddDebug|Any CPU.Build.0 = Debug|Any CPU
		{5C6B5F62-DB89-443E-AEDE-14B1E43DD566}.ToddDebug|x64.ActiveCfg = Debug|Any CPU
		{5C6B5F62-DB89-443E-AEDE-14B1E43DD566}.Win2Go|Any CPU.ActiveCfg = Test|Any CPU
		{5C6B5F62-DB89-443E-AEDE-14B1E43DD566}.Win2Go|Any CPU.Build.0 = Test|Any CPU
		{5C6B5F62-DB89-443E-AEDE-14B1E43DD566}.Win2Go|x64.ActiveCfg = Test|Any CPU
		{B7C2870C-7DBD-440D-9446-20348D23AC3B}.Debug|Any CPU.ActiveCfg = Debug|Any CPU
		{B7C2870C-7DBD-440D-9446-20348D23AC3B}.Debug|Any CPU.Build.0 = Debug|Any CPU
		{B7C2870C-7DBD-440D-9446-20348D23AC3B}.Debug|x64.ActiveCfg = Debug|x64
		{B7C2870C-7DBD-440D-9446-20348D23AC3B}.Debug|x64.Build.0 = Debug|x64
		{B7C2870C-7DBD-440D-9446-20348D23AC3B}.Release|Any CPU.ActiveCfg = Release|Any CPU
		{B7C2870C-7DBD-440D-9446-20348D23AC3B}.Release|Any CPU.Build.0 = Release|Any CPU
		{B7C2870C-7DBD-440D-9446-20348D23AC3B}.Release|x64.ActiveCfg = Release|x64
		{B7C2870C-7DBD-440D-9446-20348D23AC3B}.Release|x64.Build.0 = Release|x64
		{B7C2870C-7DBD-440D-9446-20348D23AC3B}.Stage|Any CPU.ActiveCfg = Stage|Any CPU
		{B7C2870C-7DBD-440D-9446-20348D23AC3B}.Stage|Any CPU.Build.0 = Stage|Any CPU
		{B7C2870C-7DBD-440D-9446-20348D23AC3B}.Stage|x64.ActiveCfg = Stage|x64
		{B7C2870C-7DBD-440D-9446-20348D23AC3B}.Stage|x64.Build.0 = Stage|x64
		{B7C2870C-7DBD-440D-9446-20348D23AC3B}.Test|Any CPU.ActiveCfg = Stage|Any CPU
		{B7C2870C-7DBD-440D-9446-20348D23AC3B}.Test|Any CPU.Build.0 = Stage|Any CPU
		{B7C2870C-7DBD-440D-9446-20348D23AC3B}.Test|x64.ActiveCfg = Stage|x64
		{B7C2870C-7DBD-440D-9446-20348D23AC3B}.Test|x64.Build.0 = Stage|x64
		{B7C2870C-7DBD-440D-9446-20348D23AC3B}.ToddDebug|Any CPU.ActiveCfg = Debug|Any CPU
		{B7C2870C-7DBD-440D-9446-20348D23AC3B}.ToddDebug|Any CPU.Build.0 = Debug|Any CPU
		{B7C2870C-7DBD-440D-9446-20348D23AC3B}.ToddDebug|x64.ActiveCfg = Debug|x64
		{B7C2870C-7DBD-440D-9446-20348D23AC3B}.ToddDebug|x64.Build.0 = Debug|x64
		{B7C2870C-7DBD-440D-9446-20348D23AC3B}.Win2Go|Any CPU.ActiveCfg = Win2Go|Any CPU
		{B7C2870C-7DBD-440D-9446-20348D23AC3B}.Win2Go|Any CPU.Build.0 = Win2Go|Any CPU
		{B7C2870C-7DBD-440D-9446-20348D23AC3B}.Win2Go|x64.ActiveCfg = Win2Go|x64
		{B7C2870C-7DBD-440D-9446-20348D23AC3B}.Win2Go|x64.Build.0 = Win2Go|x64
		{35653E60-00D6-43C4-9F49-A0F87FCC04E3}.Debug|Any CPU.ActiveCfg = Debug|Any CPU
		{35653E60-00D6-43C4-9F49-A0F87FCC04E3}.Debug|Any CPU.Build.0 = Debug|Any CPU
		{35653E60-00D6-43C4-9F49-A0F87FCC04E3}.Debug|x64.ActiveCfg = Debug|x64
		{35653E60-00D6-43C4-9F49-A0F87FCC04E3}.Debug|x64.Build.0 = Debug|x64
		{35653E60-00D6-43C4-9F49-A0F87FCC04E3}.Release|Any CPU.ActiveCfg = Release|Any CPU
		{35653E60-00D6-43C4-9F49-A0F87FCC04E3}.Release|Any CPU.Build.0 = Release|Any CPU
		{35653E60-00D6-43C4-9F49-A0F87FCC04E3}.Release|x64.ActiveCfg = Release|x64
		{35653E60-00D6-43C4-9F49-A0F87FCC04E3}.Release|x64.Build.0 = Release|x64
		{35653E60-00D6-43C4-9F49-A0F87FCC04E3}.Stage|Any CPU.ActiveCfg = Release|Any CPU
		{35653E60-00D6-43C4-9F49-A0F87FCC04E3}.Stage|Any CPU.Build.0 = Release|Any CPU
		{35653E60-00D6-43C4-9F49-A0F87FCC04E3}.Stage|x64.ActiveCfg = Release|x64
		{35653E60-00D6-43C4-9F49-A0F87FCC04E3}.Stage|x64.Build.0 = Release|x64
		{35653E60-00D6-43C4-9F49-A0F87FCC04E3}.Test|Any CPU.ActiveCfg = Release|Any CPU
		{35653E60-00D6-43C4-9F49-A0F87FCC04E3}.Test|Any CPU.Build.0 = Release|Any CPU
		{35653E60-00D6-43C4-9F49-A0F87FCC04E3}.Test|x64.ActiveCfg = Release|x64
		{35653E60-00D6-43C4-9F49-A0F87FCC04E3}.Test|x64.Build.0 = Release|x64
		{35653E60-00D6-43C4-9F49-A0F87FCC04E3}.ToddDebug|Any CPU.ActiveCfg = Debug|Any CPU
		{35653E60-00D6-43C4-9F49-A0F87FCC04E3}.ToddDebug|Any CPU.Build.0 = Debug|Any CPU
		{35653E60-00D6-43C4-9F49-A0F87FCC04E3}.ToddDebug|x64.ActiveCfg = Debug|x64
		{35653E60-00D6-43C4-9F49-A0F87FCC04E3}.ToddDebug|x64.Build.0 = Debug|x64
		{35653E60-00D6-43C4-9F49-A0F87FCC04E3}.Win2Go|Any CPU.ActiveCfg = Release|Any CPU
		{35653E60-00D6-43C4-9F49-A0F87FCC04E3}.Win2Go|Any CPU.Build.0 = Release|Any CPU
		{35653E60-00D6-43C4-9F49-A0F87FCC04E3}.Win2Go|x64.ActiveCfg = Release|x64
		{35653E60-00D6-43C4-9F49-A0F87FCC04E3}.Win2Go|x64.Build.0 = Release|x64
		{0A32834C-023A-4E19-BDEE-E80972F6165F}.Debug|Any CPU.ActiveCfg = Debug|Any CPU
		{0A32834C-023A-4E19-BDEE-E80972F6165F}.Debug|Any CPU.Build.0 = Debug|Any CPU
		{0A32834C-023A-4E19-BDEE-E80972F6165F}.Debug|x64.ActiveCfg = Debug|x64
		{0A32834C-023A-4E19-BDEE-E80972F6165F}.Debug|x64.Build.0 = Debug|x64
		{0A32834C-023A-4E19-BDEE-E80972F6165F}.Release|Any CPU.ActiveCfg = Release|Any CPU
		{0A32834C-023A-4E19-BDEE-E80972F6165F}.Release|Any CPU.Build.0 = Release|Any CPU
		{0A32834C-023A-4E19-BDEE-E80972F6165F}.Release|x64.ActiveCfg = Release|x64
		{0A32834C-023A-4E19-BDEE-E80972F6165F}.Release|x64.Build.0 = Release|x64
		{0A32834C-023A-4E19-BDEE-E80972F6165F}.Stage|Any CPU.ActiveCfg = Stage|Any CPU
		{0A32834C-023A-4E19-BDEE-E80972F6165F}.Stage|Any CPU.Build.0 = Stage|Any CPU
		{0A32834C-023A-4E19-BDEE-E80972F6165F}.Stage|x64.ActiveCfg = Stage|x64
		{0A32834C-023A-4E19-BDEE-E80972F6165F}.Stage|x64.Build.0 = Stage|x64
		{0A32834C-023A-4E19-BDEE-E80972F6165F}.Test|Any CPU.ActiveCfg = Stage|Any CPU
		{0A32834C-023A-4E19-BDEE-E80972F6165F}.Test|Any CPU.Build.0 = Stage|Any CPU
		{0A32834C-023A-4E19-BDEE-E80972F6165F}.Test|x64.ActiveCfg = Stage|x64
		{0A32834C-023A-4E19-BDEE-E80972F6165F}.Test|x64.Build.0 = Stage|x64
		{0A32834C-023A-4E19-BDEE-E80972F6165F}.ToddDebug|Any CPU.ActiveCfg = Debug|Any CPU
		{0A32834C-023A-4E19-BDEE-E80972F6165F}.ToddDebug|Any CPU.Build.0 = Debug|Any CPU
		{0A32834C-023A-4E19-BDEE-E80972F6165F}.ToddDebug|x64.ActiveCfg = Debug|x64
		{0A32834C-023A-4E19-BDEE-E80972F6165F}.ToddDebug|x64.Build.0 = Debug|x64
		{0A32834C-023A-4E19-BDEE-E80972F6165F}.Win2Go|Any CPU.ActiveCfg = Win2Go|Any CPU
		{0A32834C-023A-4E19-BDEE-E80972F6165F}.Win2Go|Any CPU.Build.0 = Win2Go|Any CPU
		{0A32834C-023A-4E19-BDEE-E80972F6165F}.Win2Go|x64.ActiveCfg = Win2Go|x64
		{0A32834C-023A-4E19-BDEE-E80972F6165F}.Win2Go|x64.Build.0 = Win2Go|x64
		{AD1C19B3-846C-46F6-B0F4-2BB51403715D}.Debug|Any CPU.ActiveCfg = Debug|Any CPU
		{AD1C19B3-846C-46F6-B0F4-2BB51403715D}.Debug|Any CPU.Build.0 = Debug|Any CPU
		{AD1C19B3-846C-46F6-B0F4-2BB51403715D}.Debug|x64.ActiveCfg = Debug|Any CPU
		{AD1C19B3-846C-46F6-B0F4-2BB51403715D}.Release|Any CPU.ActiveCfg = Release|Any CPU
		{AD1C19B3-846C-46F6-B0F4-2BB51403715D}.Release|Any CPU.Build.0 = Release|Any CPU
		{AD1C19B3-846C-46F6-B0F4-2BB51403715D}.Release|x64.ActiveCfg = Release|Any CPU
		{AD1C19B3-846C-46F6-B0F4-2BB51403715D}.Stage|Any CPU.ActiveCfg = Stage|Any CPU
		{AD1C19B3-846C-46F6-B0F4-2BB51403715D}.Stage|Any CPU.Build.0 = Stage|Any CPU
		{AD1C19B3-846C-46F6-B0F4-2BB51403715D}.Stage|x64.ActiveCfg = Stage|Any CPU
		{AD1C19B3-846C-46F6-B0F4-2BB51403715D}.Test|Any CPU.ActiveCfg = Stage|Any CPU
		{AD1C19B3-846C-46F6-B0F4-2BB51403715D}.Test|Any CPU.Build.0 = Stage|Any CPU
		{AD1C19B3-846C-46F6-B0F4-2BB51403715D}.Test|x64.ActiveCfg = Stage|Any CPU
		{AD1C19B3-846C-46F6-B0F4-2BB51403715D}.ToddDebug|Any CPU.ActiveCfg = Debug|Any CPU
		{AD1C19B3-846C-46F6-B0F4-2BB51403715D}.ToddDebug|Any CPU.Build.0 = Debug|Any CPU
		{AD1C19B3-846C-46F6-B0F4-2BB51403715D}.ToddDebug|x64.ActiveCfg = Debug|Any CPU
		{AD1C19B3-846C-46F6-B0F4-2BB51403715D}.Win2Go|Any CPU.ActiveCfg = Win2Go|Any CPU
		{AD1C19B3-846C-46F6-B0F4-2BB51403715D}.Win2Go|Any CPU.Build.0 = Win2Go|Any CPU
		{AD1C19B3-846C-46F6-B0F4-2BB51403715D}.Win2Go|x64.ActiveCfg = Win2Go|Any CPU
		{5D064F66-1CDB-4FCA-9C0C-A7F5B18D7B6D}.Debug|Any CPU.ActiveCfg = Debug|Any CPU
		{5D064F66-1CDB-4FCA-9C0C-A7F5B18D7B6D}.Debug|Any CPU.Build.0 = Debug|Any CPU
		{5D064F66-1CDB-4FCA-9C0C-A7F5B18D7B6D}.Debug|x64.ActiveCfg = Debug|x64
		{5D064F66-1CDB-4FCA-9C0C-A7F5B18D7B6D}.Debug|x64.Build.0 = Debug|x64
		{5D064F66-1CDB-4FCA-9C0C-A7F5B18D7B6D}.Release|Any CPU.ActiveCfg = Release|Any CPU
		{5D064F66-1CDB-4FCA-9C0C-A7F5B18D7B6D}.Release|Any CPU.Build.0 = Release|Any CPU
		{5D064F66-1CDB-4FCA-9C0C-A7F5B18D7B6D}.Release|x64.ActiveCfg = Release|x64
		{5D064F66-1CDB-4FCA-9C0C-A7F5B18D7B6D}.Release|x64.Build.0 = Release|x64
		{5D064F66-1CDB-4FCA-9C0C-A7F5B18D7B6D}.Stage|Any CPU.ActiveCfg = Stage|Any CPU
		{5D064F66-1CDB-4FCA-9C0C-A7F5B18D7B6D}.Stage|Any CPU.Build.0 = Stage|Any CPU
		{5D064F66-1CDB-4FCA-9C0C-A7F5B18D7B6D}.Stage|x64.ActiveCfg = Stage|x64
		{5D064F66-1CDB-4FCA-9C0C-A7F5B18D7B6D}.Stage|x64.Build.0 = Stage|x64
		{5D064F66-1CDB-4FCA-9C0C-A7F5B18D7B6D}.Test|Any CPU.ActiveCfg = Stage|Any CPU
		{5D064F66-1CDB-4FCA-9C0C-A7F5B18D7B6D}.Test|Any CPU.Build.0 = Stage|Any CPU
		{5D064F66-1CDB-4FCA-9C0C-A7F5B18D7B6D}.Test|x64.ActiveCfg = Stage|x64
		{5D064F66-1CDB-4FCA-9C0C-A7F5B18D7B6D}.Test|x64.Build.0 = Stage|x64
		{5D064F66-1CDB-4FCA-9C0C-A7F5B18D7B6D}.ToddDebug|Any CPU.ActiveCfg = Debug|Any CPU
		{5D064F66-1CDB-4FCA-9C0C-A7F5B18D7B6D}.ToddDebug|Any CPU.Build.0 = Debug|Any CPU
		{5D064F66-1CDB-4FCA-9C0C-A7F5B18D7B6D}.ToddDebug|x64.ActiveCfg = Debug|x64
		{5D064F66-1CDB-4FCA-9C0C-A7F5B18D7B6D}.ToddDebug|x64.Build.0 = Debug|x64
		{5D064F66-1CDB-4FCA-9C0C-A7F5B18D7B6D}.Win2Go|Any CPU.ActiveCfg = Win2Go|Any CPU
		{5D064F66-1CDB-4FCA-9C0C-A7F5B18D7B6D}.Win2Go|Any CPU.Build.0 = Win2Go|Any CPU
		{5D064F66-1CDB-4FCA-9C0C-A7F5B18D7B6D}.Win2Go|x64.ActiveCfg = Win2Go|x64
		{5D064F66-1CDB-4FCA-9C0C-A7F5B18D7B6D}.Win2Go|x64.Build.0 = Win2Go|x64
		{9AF7B454-8763-40C6-8DA9-6F76B9151877}.Debug|Any CPU.ActiveCfg = Debug|Any CPU
		{9AF7B454-8763-40C6-8DA9-6F76B9151877}.Debug|Any CPU.Build.0 = Debug|Any CPU
		{9AF7B454-8763-40C6-8DA9-6F76B9151877}.Debug|x64.ActiveCfg = Debug|x64
		{9AF7B454-8763-40C6-8DA9-6F76B9151877}.Debug|x64.Build.0 = Debug|x64
		{9AF7B454-8763-40C6-8DA9-6F76B9151877}.Release|Any CPU.ActiveCfg = Release|Any CPU
		{9AF7B454-8763-40C6-8DA9-6F76B9151877}.Release|Any CPU.Build.0 = Release|Any CPU
		{9AF7B454-8763-40C6-8DA9-6F76B9151877}.Release|x64.ActiveCfg = Release|x64
		{9AF7B454-8763-40C6-8DA9-6F76B9151877}.Release|x64.Build.0 = Release|x64
		{9AF7B454-8763-40C6-8DA9-6F76B9151877}.Stage|Any CPU.ActiveCfg = Stage|Any CPU
		{9AF7B454-8763-40C6-8DA9-6F76B9151877}.Stage|Any CPU.Build.0 = Stage|Any CPU
		{9AF7B454-8763-40C6-8DA9-6F76B9151877}.Stage|x64.ActiveCfg = Stage|x64
		{9AF7B454-8763-40C6-8DA9-6F76B9151877}.Stage|x64.Build.0 = Stage|x64
		{9AF7B454-8763-40C6-8DA9-6F76B9151877}.Test|Any CPU.ActiveCfg = ToddDebug|Any CPU
		{9AF7B454-8763-40C6-8DA9-6F76B9151877}.Test|Any CPU.Build.0 = ToddDebug|Any CPU
		{9AF7B454-8763-40C6-8DA9-6F76B9151877}.Test|x64.ActiveCfg = ToddDebug|x64
		{9AF7B454-8763-40C6-8DA9-6F76B9151877}.Test|x64.Build.0 = ToddDebug|x64
		{9AF7B454-8763-40C6-8DA9-6F76B9151877}.ToddDebug|Any CPU.ActiveCfg = ToddDebug|Any CPU
		{9AF7B454-8763-40C6-8DA9-6F76B9151877}.ToddDebug|Any CPU.Build.0 = ToddDebug|Any CPU
		{9AF7B454-8763-40C6-8DA9-6F76B9151877}.ToddDebug|x64.ActiveCfg = ToddDebug|x64
		{9AF7B454-8763-40C6-8DA9-6F76B9151877}.ToddDebug|x64.Build.0 = ToddDebug|x64
		{9AF7B454-8763-40C6-8DA9-6F76B9151877}.Win2Go|Any CPU.ActiveCfg = Win2Go|Any CPU
		{9AF7B454-8763-40C6-8DA9-6F76B9151877}.Win2Go|Any CPU.Build.0 = Win2Go|Any CPU
		{9AF7B454-8763-40C6-8DA9-6F76B9151877}.Win2Go|x64.ActiveCfg = Win2Go|x64
		{9AF7B454-8763-40C6-8DA9-6F76B9151877}.Win2Go|x64.Build.0 = Win2Go|x64
	EndGlobalSection
	GlobalSection(SolutionProperties) = preSolution
		HideSolutionNode = FALSE
	EndGlobalSection
EndGlobal
